
Microsoft Visual Studio Solution File, Format Version 12.00
# Visual Studio Version 17
VisualStudioVersion = 17.10.35122.118
MinimumVisualStudioVersion = 10.0.40219.1
Project("{FAE04EC0-301F-11D3-BF4B-00C04F79EFBC}") = "ProductManagementSystem.Web", "ProductManagementSystem.Web\ProductManagementSystem.Web.csproj", "{F9370677-3016-4206-8A38-06389C06B8C6}"
EndProject
Global
	GlobalSection(SolutionConfigurationPlatforms) = preSolution
		Debug|Any CPU = Debug|Any CPU
		Release|Any CPU = Release|Any CPU
	EndGlobalSection
	GlobalSection(ProjectConfigurationPlatforms) = postSolution
		{F9370677-3016-4206-8A38-06389C06B8C6}.Debug|Any CPU.ActiveCfg = Debug|Any CPU
		{F9370677-3016-4206-8A38-06389C06B8C6}.Debug|Any CPU.Build.0 = Debug|Any CPU
		{F9370677-3016-4206-8A38-06389C06B8C6}.Release|Any CPU.ActiveCfg = Release|Any CPU
		{F9370677-3016-4206-8A38-06389C06B8C6}.Release|Any CPU.Build.0 = Release|Any CPU
	EndGlobalSection
	GlobalSection(SolutionProperties) = preSolution
		HideSolutionNode = FALSE
	EndGlobalSection
	GlobalSection(ExtensibilityGlobals) = postSolution
		SolutionGuid = {AF879A76-DA70-46C6-8D86-820940F2C5F0}
	EndGlobalSection
EndGlobal
